dependencies:
- name: qdrant
  repository: https://qdrant.github.io/qdrant-helm
  version: 1.16.2
- name: rabbitmq-operator
  repository: file://charts/rabbitmq-operator
  version: 0.1.0
digest: sha256:c3203ce25805b7729f6ec39ac9d1b53f9073006d776efac46e4b146905c0d6fd
generated: "2025-12-16T22:09:24.89660998-06:00"
